
Microsoft Visual Studio Solution File, Format Version 12.00
# Visual Studio Version 17
VisualStudioVersion = 17.9.34728.123
MinimumVisualStudioVersion = 10.0.40219.1
Project("{FAE04EC0-301F-11D3-BF4B-00C04F79EFBC}") = "MessengerClient", "MessengerClient\MessengerClient.csproj", "{E6433CE0-C3FA-46EE-B30C-90175D3F939B}"
EndProject
Global
	GlobalSection(SolutionConfigurationPlatforms) = preSolution
		Debug|Any CPU = Debug|Any CPU
		Release|Any CPU = Release|Any CPU
	EndGlobalSection
	GlobalSection(ProjectConfigurationPlatforms) = postSolution
		{E6433CE0-C3FA-46EE-B30C-90175D3F939B}.Debug|Any CPU.ActiveCfg = Debug|Any CPU
		{E6433CE0-C3FA-46EE-B30C-90175D3F939B}.Debug|Any CPU.Build.0 = Debug|Any CPU
		{E6433CE0-C3FA-46EE-B30C-90175D3F939B}.Release|Any CPU.ActiveCfg = Release|Any CPU
		{E6433CE0-C3FA-46EE-B30C-90175D3F939B}.Release|Any CPU.Build.0 = Release|Any CPU
	EndGlobalSection
	GlobalSection(SolutionProperties) = preSolution
		HideSolutionNode = FALSE
	EndGlobalSection
	GlobalSection(ExtensibilityGlobals) = postSolution
		SolutionGuid = {B87F6783-2A63-492C-B515-F3992E15D09E}
	EndGlobalSection
EndGlobal
